
Microsoft Visual Studio Solution File, Format Version 12.00
# Visual Studio Version 17
VisualStudioVersion = 17.5.002.0
MinimumVisualStudioVersion = 10.0.40219.1
Project("{2150E333-8FDC-42A3-9474-1A3956D46DE8}") = "csharp-prep", "csharp-prep", "{1ADCB86A-10B7-4125-A065-257DEF1C6F3A}"
EndProject
Project("{9A19103F-16F7-4668-BE54-9A1E7A4F7556}") = "Prep1", "csharp-prep\Prep1\Prep1.csproj", "{36E64C8F-C7BF-4F5A-B5BA-95B5730A2356}"
EndProject
Project("{9A19103F-16F7-4668-BE54-9A1E7A4F7556}") = "Prep2", "csharp-prep\Prep2\Prep2.csproj", "{AAB19B2A-7A95-4161-8613-E6C2FB9B76D0}"
EndProject
Project("{9A19103F-16F7-4668-BE54-9A1E7A4F7556}") = "Prep3", "csharp-prep\Prep3\Prep3.csproj", "{E8D3D804-2888-40CF-AAE8-4240609C39BE}"
EndProject
Project("{9A19103F-16F7-4668-BE54-9A1E7A4F7556}") = "Prep4", "csharp-prep\Prep4\Prep4.csproj", "{262560AE-39AD-471D-9E05-0EDE0D4BCD1F}"
EndProject
Project("{9A19103F-16F7-4668-BE54-9A1E7A4F7556}") = "Prep5", "csharp-prep\Prep5\Prep5.csproj", "{D3EDB30A-39B6-4DDF-A573-A485C655836A}"
EndProject
Project("{2150E333-8FDC-42A3-9474-1A3956D46DE8}") = "final", "final", "{D71A5A7A-051F-4E36-9212-6FCA8A961CF3}"
EndProject
Project("{9A19103F-16F7-4668-BE54-9A1E7A4F7556}") = "FinalProject", "final\FinalProject\FinalProject.csproj", "{21657E33-61D7-48F0-8ADB-2E62A008F539}"
EndProject
Project("{9A19103F-16F7-4668-BE54-9A1E7A4F7556}") = "Foundation1", "final\Foundation1\Foundation1.csproj", "{0DF32A9C-E10E-4DF2-8C8A-3A2D94A2154C}"
EndProject
Project("{9A19103F-16F7-4668-BE54-9A1E7A4F7556}") = "Foundation2", "final\Foundation2\Foundation2.csproj", "{111CFC2E-D11B-4195-8D4C-98A59374C856}"
EndProject
Project("{9A19103F-16F7-4668-BE54-9A1E7A4F7556}") = "Foundation3", "final\Foundation3\Foundation3.csproj", "{022F14C9-34EF-4D02-8C3C-8930F059607E}"
EndProject
Project("{9A19103F-16F7-4668-BE54-9A1E7A4F7556}") = "Foundation4", "final\Foundation4\Foundation4.csproj", "{5BA09978-0216-4193-8EA8-0522E228E428}"
EndProject
Project("{2150E333-8FDC-42A3-9474-1A3956D46DE8}") = "prepare", "prepare", "{53AA141F-4940-48C3-839F-EE161FAB9250}"
EndProject
Project("{9A19103F-16F7-4668-BE54-9A1E7A4F7556}") = "Learning02", "prepare\Learning02\Learning02.csproj", "{B7D8AB5D-FFA7-4753-BD44-E4C4A7BD8944}"
EndProject
Project("{9A19103F-16F7-4668-BE54-9A1E7A4F7556}") = "Learning03", "prepare\Learning03\Learning03.csproj", "{77385E36-0B49-40BE-B7C4-63CF04C4E24D}"
EndProject
Project("{9A19103F-16F7-4668-BE54-9A1E7A4F7556}") = "Learning04", "prepare\Learning04\Learning04.csproj", "{4D10841F-EF99-4222-9CD7-CAF44B4D9368}"
EndProject
Project("{9A19103F-16F7-4668-BE54-9A1E7A4F7556}") = "Learning05", "prepare\Learning05\Learning05.csproj", "{897FFDF2-9C3A-41AD-922D-705E3542B78C}"
EndProject
Project("{2150E333-8FDC-42A3-9474-1A3956D46DE8}") = "prove", "prove", "{CAB82F2F-4F5B-4061-B40B-8487BAD56A5A}"
EndProject
Project("{9A19103F-16F7-4668-BE54-9A1E7A4F7556}") = "Develop02", "prove\Develop02\Develop02.csproj", "{0377F217-4F25-49D4-93F7-B72BEE1BE51B}"
EndProject
Project("{9A19103F-16F7-4668-BE54-9A1E7A4F7556}") = "Develop03", "prove\Develop03\Develop03.csproj", "{FBA62984-1CF5-4B36-A2DC-93A81ACDC3DE}"
EndProject
Project("{9A19103F-16F7-4668-BE54-9A1E7A4F7556}") = "Develop04", "prove\Develop04\Develop04.csproj", "{DFDBEA77-7373-40D1-8408-1A2B5118CDB3}"
EndProject
Project("{9A19103F-16F7-4668-BE54-9A1E7A4F7556}") = "Develop05", "prove\Develop05\Develop05.csproj", "{9C287625-1284-4CB7-B9A6-18714303DF51}"
EndProject
Project("{2150E333-8FDC-42A3-9474-1A3956D46DE8}") = "sandbox", "sandbox", "{550317AF-4C39-4027-B9E1-C98C43A20C92}"
EndProject
Project("{9A19103F-16F7-4668-BE54-9A1E7A4F7556}") = "Sandbox", "sandbox\Sandbox\Sandbox.csproj", "{34E180BE-CA0A-4393-A30B-71E725FE91D7}"
EndProject
Global
	GlobalSection(SolutionConfigurationPlatforms) = preSolution
		Debug|Any CPU = Debug|Any CPU
		Release|Any CPU = Release|Any CPU
	EndGlobalSection
	GlobalSection(ProjectConfigurationPlatforms) = postSolution
		{36E64C8F-C7BF-4F5A-B5BA-95B5730A2356}.Debug|Any CPU.ActiveCfg = Debug|Any CPU
		{36E64C8F-C7BF-4F5A-B5BA-95B5730A2356}.Debug|Any CPU.Build.0 = Debug|Any CPU
		{36E64C8F-C7BF-4F5A-B5BA-95B5730A2356}.Release|Any CPU.ActiveCfg = Release|Any CPU
		{36E64C8F-C7BF-4F5A-B5BA-95B5730A2356}.Release|Any CPU.Build.0 = Release|Any CPU
		{AAB19B2A-7A95-4161-8613-E6C2FB9B76D0}.Debug|Any CPU.ActiveCfg = Debug|Any CPU
		{AAB19B2A-7A95-4161-8613-E6C2FB9B76D0}.Debug|Any CPU.Build.0 = Debug|Any CPU
		{AAB19B2A-7A95-4161-8613-E6C2FB9B76D0}.Release|Any CPU.ActiveCfg = Release|Any CPU
		{AAB19B2A-7A95-4161-8613-E6C2FB9B76D0}.Release|Any CPU.Build.0 = Release|Any CPU
		{E8D3D804-2888-40CF-AAE8-4240609C39BE}.Debug|Any CPU.ActiveCfg = Debug|Any CPU
		{E8D3D804-2888-40CF-AAE8-4240609C39BE}.Debug|Any CPU.Build.0 = Debug|Any CPU
		{E8D3D804-2888-40CF-AAE8-4240609C39BE}.Release|Any CPU.ActiveCfg = Release|Any CPU
		{E8D3D804-2888-40CF-AAE8-4240609C39BE}.Release|Any CPU.Build.0 = Release|Any CPU
		{262560AE-39AD-471D-9E05-0EDE0D4BCD1F}.Debug|Any CPU.ActiveCfg = Debug|Any CPU
		{262560AE-39AD-471D-9E05-0EDE0D4BCD1F}.Debug|Any CPU.Build.0 = Debug|Any CPU
		{262560AE-39AD-471D-9E05-0EDE0D4BCD1F}.Release|Any CPU.ActiveCfg = Release|Any CPU
		{262560AE-39AD-471D-9E05-0EDE0D4BCD1F}.Release|Any CPU.Build.0 = Release|Any CPU
		{D3EDB30A-39B6-4DDF-A573-A485C655836A}.Debug|Any CPU.ActiveCfg = Debug|Any CPU
		{D3EDB30A-39B6-4DDF-A573-A485C655836A}.Debug|Any CPU.Build.0 = Debug|Any CPU
		{D3EDB30A-39B6-4DDF-A573-A485C655836A}.Release|Any CPU.ActiveCfg = Release|Any CPU
		{D3EDB30A-39B6-4DDF-A573-A485C655836A}.Release|Any CPU.Build.0 = Release|Any CPU
		{21657E33-61D7-48F0-8ADB-2E62A008F539}.Debug|Any CPU.ActiveCfg = Debug|Any CPU
		{21657E33-61D7-48F0-8ADB-2E62A008F539}.Debug|Any CPU.Build.0 = Debug|Any CPU
		{21657E33-61D7-48F0-8ADB-2E62A008F539}.Release|Any CPU.ActiveCfg = Release|Any CPU
		{21657E33-61D7-48F0-8ADB-2E62A008F539}.Release|Any CPU.Build.0 = Release|Any CPU
		{0DF32A9C-E10E-4DF2-8C8A-3A2D94A2154C}.Debug|Any CPU.ActiveCfg = Debug|Any CPU
		{0DF32A9C-E10E-4DF2-8C8A-3A2D94A2154C}.Debug|Any CPU.Build.0 = Debug|Any CPU
		{0DF32A9C-E10E-4DF2-8C8A-3A2D94A2154C}.Release|Any CPU.ActiveCfg = Release|Any CPU
		{0DF32A9C-E10E-4DF2-8C8A-3A2D94A2154C}.Release|Any CPU.Build.0 = Release|Any CPU
		{111CFC2E-D11B-4195-8D4C-98A59374C856}.Debug|Any CPU.ActiveCfg = Debug|Any CPU
		{111CFC2E-D11B-4195-8D4C-98A59374C856}.Debug|Any CPU.Build.0 = Debug|Any CPU
		{111CFC2E-D11B-4195-8D4C-98A59374C856}.Release|Any CPU.ActiveCfg = Release|Any CPU
		{111CFC2E-D11B-4195-8D4C-98A59374C856}.Release|Any CPU.Build.0 = Release|Any CPU
		{022F14C9-34EF-4D02-8C3C-8930F059607E}.Debug|Any CPU.ActiveCfg = Debug|Any CPU
		{022F14C9-34EF-4D02-8C3C-8930F059607E}.Debug|Any CPU.Build.0 = Debug|Any CPU
		{022F14C9-34EF-4D02-8C3C-8930F059607E}.Release|Any CPU.ActiveCfg = Release|Any CPU
		{022F14C9-34EF-4D02-8C3C-8930F059607E}.Release|Any CPU.Build.0 = Release|Any CPU
		{5BA09978-0216-4193-8EA8-0522E228E428}.Debug|Any CPU.ActiveCfg = Debug|Any CPU
		{5BA09978-0216-4193-8EA8-0522E228E428}.Debug|Any CPU.Build.0 = Debug|Any CPU
		{5BA09978-0216-4193-8EA8-0522E228E428}.Release|Any CPU.ActiveCfg = Release|Any CPU
		{5BA09978-0216-4193-8EA8-0522E228E428}.Release|Any CPU.Build.0 = Release|Any CPU
		{B7D8AB5D-FFA7-4753-BD44-E4C4A7BD8944}.Debug|Any CPU.ActiveCfg = Debug|Any CPU
		{B7D8AB5D-FFA7-4753-BD44-E4C4A7BD8944}.Debug|Any CPU.Build.0 = Debug|Any CPU
		{B7D8AB5D-FFA7-4753-BD44-E4C4A7BD8944}.Release|Any CPU.ActiveCfg = Release|Any CPU
		{B7D8AB5D-FFA7-4753-BD44-E4C4A7BD8944}.Release|Any CPU.Build.0 = Release|Any CPU
		{77385E36-0B49-40BE-B7C4-63CF04C4E24D}.Debug|Any CPU.ActiveCfg = Debug|Any CPU
		{77385E36-0B49-40BE-B7C4-63CF04C4E24D}.Debug|Any CPU.Build.0 = Debug|Any CPU
		{77385E36-0B49-40BE-B7C4-63CF04C4E24D}.Release|Any CPU.ActiveCfg = Release|Any CPU
		{77385E36-0B49-40BE-B7C4-63CF04C4E24D}.Release|Any CPU.Build.0 = Release|Any CPU
		{4D10841F-EF99-4222-9CD7-CAF44B4D9368}.Debug|Any CPU.ActiveCfg = Debug|Any CPU
		{4D10841F-EF99-4222-9CD7-CAF44B4D9368}.Debug|Any CPU.Build.0 = Debug|Any CPU
		{4D10841F-EF99-4222-9CD7-CAF44B4D9368}.Release|Any CPU.ActiveCfg = Release|Any CPU
		{4D10841F-EF99-4222-9CD7-CAF44B4D9368}.Release|Any CPU.Build.0 = Release|Any CPU
		{897FFDF2-9C3A-41AD-922D-705E3542B78C}.Debug|Any CPU.ActiveCfg = Debug|Any CPU
		{897FFDF2-9C3A-41AD-922D-705E3542B78C}.Debug|Any CPU.Build.0 = Debug|Any CPU
		{897FFDF2-9C3A-41AD-922D-705E3542B78C}.Release|Any CPU.ActiveCfg = Release|Any CPU
		{897FFDF2-9C3A-41AD-922D-705E3542B78C}.Release|Any CPU.Build.0 = Release|Any CPU
		{0377F217-4F25-49D4-93F7-B72BEE1BE51B}.Debug|Any CPU.ActiveCfg = Debug|Any CPU
		{0377F217-4F25-49D4-93F7-B72BEE1BE51B}.Debug|Any CPU.Build.0 = Debug|Any CPU
		{0377F217-4F25-49D4-93F7-B72BEE1BE51B}.Release|Any CPU.ActiveCfg = Release|Any CPU
		{0377F217-4F25-49D4-93F7-B72BEE1BE51B}.Release|Any CPU.Build.0 = Release|Any CPU
		{FBA62984-1CF5-4B36-A2DC-93A81ACDC3DE}.Debug|Any CPU.ActiveCfg = Debug|Any CPU
		{FBA62984-1CF5-4B36-A2DC-93A81ACDC3DE}.Debug|Any CPU.Build.0 = Debug|Any CPU
		{FBA62984-1CF5-4B36-A2DC-93A81ACDC3DE}.Release|Any CPU.ActiveCfg = Release|Any CPU
		{FBA62984-1CF5-4B36-A2DC-93A81ACDC3DE}.Release|Any CPU.Build.0 = Release|Any CPU
		{DFDBEA77-7373-40D1-8408-1A2B5118CDB3}.Debug|Any CPU.ActiveCfg = Debug|Any CPU
		{DFDBEA77-7373-40D1-8408-1A2B5118CDB3}.Debug|Any CPU.Build.0 = Debug|Any CPU
		{DFDBEA77-7373-40D1-8408-1A2B5118CDB3}.Release|Any CPU.ActiveCfg = Release|Any CPU
		{DFDBEA77-7373-40D1-8408-1A2B5118CDB3}.Release|Any CPU.Build.0 = Release|Any CPU
		{9C287625-1284-4CB7-B9A6-18714303DF51}.Debug|Any CPU.ActiveCfg = Debug|Any CPU
		{9C287625-1284-4CB7-B9A6-18714303DF51}.Debug|Any CPU.Build.0 = Debug|Any CPU
		{9C287625-1284-4CB7-B9A6-18714303DF51}.Release|Any CPU.ActiveCfg = Release|Any CPU
		{9C287625-1284-4CB7-B9A6-18714303DF51}.Release|Any CPU.Build.0 = Release|Any CPU
		{34E180BE-CA0A-4393-A30B-71E725FE91D7}.Debug|Any CPU.ActiveCfg = Debug|Any CPU
		{34E180BE-CA0A-4393-A30B-71E725FE91D7}.Debug|Any CPU.Build.0 = Debug|Any CPU
		{34E180BE-CA0A-4393-A30B-71E725FE91D7}.Release|Any CPU.ActiveCfg = Release|Any CPU
		{34E180BE-CA0A-4393-A30B-71E725FE91D7}.Release|Any CPU.Build.0 = Release|Any CPU
	EndGlobalSection
	GlobalSection(SolutionProperties) = preSolution
		HideSolutionNode = FALSE
	EndGlobalSection
	GlobalSection(NestedProjects) = preSolution
		{36E64C8F-C7BF-4F5A-B5BA-95B5730A2356} = {1ADCB86A-10B7-4125-A065-257DEF1C6F3A}
		{AAB19B2A-7A95-4161-8613-E6C2FB9B76D0} = {1ADCB86A-10B7-4125-A065-257DEF1C6F3A}
		{E8D3D804-2888-40CF-AAE8-4240609C39BE} = {1ADCB86A-10B7-4125-A065-257DEF1C6F3A}
		{262560AE-39AD-471D-9E05-0EDE0D4BCD1F} = {1ADCB86A-10B7-4125-A065-257DEF1C6F3A}
		{D3EDB30A-39B6-4DDF-A573-A485C655836A} = {1ADCB86A-10B7-4125-A065-257DEF1C6F3A}
		{21657E33-61D7-48F0-8ADB-2E62A008F539} = {D71A5A7A-051F-4E36-9212-6FCA8A961CF3}
		{0DF32A9C-E10E-4DF2-8C8A-3A2D94A2154C} = {D71A5A7A-051F-4E36-9212-6FCA8A961CF3}
		{111CFC2E-D11B-4195-8D4C-98A59374C856} = {D71A5A7A-051F-4E36-9212-6FCA8A961CF3}
		{022F14C9-34EF-4D02-8C3C-8930F059607E} = {D71A5A7A-051F-4E36-9212-6FCA8A961CF3}
		{5BA09978-0216-4193-8EA8-0522E228E428} = {D71A5A7A-051F-4E36-9212-6FCA8A961CF3}
		{B7D8AB5D-FFA7-4753-BD44-E4C4A7BD8944} = {53AA141F-4940-48C3-839F-EE161FAB9250}
		{77385E36-0B49-40BE-B7C4-63CF04C4E24D} = {53AA141F-4940-48C3-839F-EE161FAB9250}
		{4D10841F-EF99-4222-9CD7-CAF44B4D9368} = {53AA141F-4940-48C3-839F-EE161FAB9250}
		{897FFDF2-9C3A-41AD-922D-705E3542B78C} = {53AA141F-4940-48C3-839F-EE161FAB9250}
		{0377F217-4F25-49D4-93F7-B72BEE1BE51B} = {CAB82F2F-4F5B-4061-B40B-8487BAD56A5A}
		{FBA62984-1CF5-4B36-A2DC-93A81ACDC3DE} = {CAB82F2F-4F5B-4061-B40B-8487BAD56A5A}
		{DFDBEA77-7373-40D1-8408-1A2B5118CDB3} = {CAB82F2F-4F5B-4061-B40B-8487BAD56A5A}
		{9C287625-1284-4CB7-B9A6-18714303DF51} = {CAB82F2F-4F5B-4061-B40B-8487BAD56A5A}
		{34E180BE-CA0A-4393-A30B-71E725FE91D7} = {550317AF-4C39-4027-B9E1-C98C43A20C92}
	EndGlobalSection
	GlobalSection(ExtensibilityGlobals) = postSolution
		SolutionGuid = {1A40C605-0C12-4B52-810B-3E360DA192B4}
	EndGlobalSection
EndGlobal
